
Microsoft Visual Studio Solution File, Format Version 12.00
# Visual Studio Version 17
VisualStudioVersion = 17.13.35818.85
MinimumVisualStudioVersion = 10.0.40219.1
Project("{FAE04EC0-301F-11D3-BF4B-00C04F79EFBC}") = "Projeto WFA", "Projeto WFA\Projeto WFA.csproj", "{29536462-E190-405E-9904-F21E1C6A27BB}"
EndProject
Project("{FAE04EC0-301F-11D3-BF4B-00C04F79EFBC}") = "ControleDeAcesso.UI", "ControleDeAcesso.UI\ControleDeAcesso.UI.csproj", "{0451F314-F52B-43B7-9CB5-E79B8DF7873D}"
EndProject
Project("{FAE04EC0-301F-11D3-BF4B-00C04F79EFBC}") = "WinFormsLibrary1", "WinFormsLibrary1\WinFormsLibrary1.csproj", "{D98B933C-4261-48CA-AD4E-30246BDA8449}"
EndProject
Global
	GlobalSection(SolutionConfigurationPlatforms) = preSolution
		Debug|Any CPU = Debug|Any CPU
		Release|Any CPU = Release|Any CPU
	EndGlobalSection
	GlobalSection(ProjectConfigurationPlatforms) = postSolution
		{29536462-E190-405E-9904-F21E1C6A27BB}.Debug|Any CPU.ActiveCfg = Debug|Any CPU
		{29536462-E190-405E-9904-F21E1C6A27BB}.Debug|Any CPU.Build.0 = Debug|Any CPU
		{29536462-E190-405E-9904-F21E1C6A27BB}.Release|Any CPU.ActiveCfg = Release|Any CPU
		{29536462-E190-405E-9904-F21E1C6A27BB}.Release|Any CPU.Build.0 = Release|Any CPU
		{0451F314-F52B-43B7-9CB5-E79B8DF7873D}.Debug|Any CPU.ActiveCfg = Debug|Any CPU
		{0451F314-F52B-43B7-9CB5-E79B8DF7873D}.Debug|Any CPU.Build.0 = Debug|Any CPU
		{0451F314-F52B-43B7-9CB5-E79B8DF7873D}.Release|Any CPU.ActiveCfg = Release|Any CPU
		{0451F314-F52B-43B7-9CB5-E79B8DF7873D}.Release|Any CPU.Build.0 = Release|Any CPU
		{D98B933C-4261-48CA-AD4E-30246BDA8449}.Debug|Any CPU.ActiveCfg = Debug|Any CPU
		{D98B933C-4261-48CA-AD4E-30246BDA8449}.Debug|Any CPU.Build.0 = Debug|Any CPU
		{D98B933C-4261-48CA-AD4E-30246BDA8449}.Release|Any CPU.ActiveCfg = Release|Any CPU
		{D98B933C-4261-48CA-AD4E-30246BDA8449}.Release|Any CPU.Build.0 = Release|Any CPU
	EndGlobalSection
	GlobalSection(SolutionProperties) = preSolution
		HideSolutionNode = FALSE
	EndGlobalSection
	GlobalSection(ExtensibilityGlobals) = postSolution
		SolutionGuid = {6D03BD51-7C46-47F3-864A-E7259047E1DB}
	EndGlobalSection
EndGlobal
